
Microsoft Visual Studio Solution File, Format Version 12.00
# Visual Studio Version 16
VisualStudioVersion = 16.0.33529.622
MinimumVisualStudioVersion = 10.0.40219.1
Project("{FAE04EC0-301F-11D3-BF4B-00C04F79EFBC}") = "EmployeeWorkBook", "EmployeeWorkBook.csproj", "{76C53CF7-8FF7-4726-8D03-9E2BF1790E05}"
EndProject
Global
	GlobalSection(SolutionConfigurationPlatforms) = preSolution
		Debug|Any CPU = Debug|Any CPU
		Release|Any CPU = Release|Any CPU
	EndGlobalSection
	GlobalSection(ProjectConfigurationPlatforms) = postSolution
		{76C53CF7-8FF7-4726-8D03-9E2BF1790E05}.Debug|Any CPU.ActiveCfg = Debug|Any CPU
		{76C53CF7-8FF7-4726-8D03-9E2BF1790E05}.Debug|Any CPU.Build.0 = Debug|Any CPU
		{76C53CF7-8FF7-4726-8D03-9E2BF1790E05}.Release|Any CPU.ActiveCfg = Release|Any CPU
		{76C53CF7-8FF7-4726-8D03-9E2BF1790E05}.Release|Any CPU.Build.0 = Release|Any CPU
	EndGlobalSection
	GlobalSection(SolutionProperties) = preSolution
		HideSolutionNode = FALSE
	EndGlobalSection
	GlobalSection(ExtensibilityGlobals) = postSolution
		SolutionGuid = {1C4E24F2-209C-407B-BE18-B24421DABC4C}
	EndGlobalSection
EndGlobal
